
Microsoft Visual Studio Solution File, Format Version 12.00
# Visual Studio Version 17
VisualStudioVersion = 17.11.35303.130
MinimumVisualStudioVersion = 10.0.40219.1
Project("{FAE04EC0-301F-11D3-BF4B-00C04F79EFBC}") = "A5", "A5\A5.csproj", "{2351DA2B-E754-4118-8BE0-C28CF1C4ED24}"
EndProject
Global
	GlobalSection(SolutionConfigurationPlatforms) = preSolution
		Debug|Any CPU = Debug|Any CPU
		Release|Any CPU = Release|Any CPU
	EndGlobalSection
	GlobalSection(ProjectConfigurationPlatforms) = postSolution
		{2351DA2B-E754-4118-8BE0-C28CF1C4ED24}.Debug|Any CPU.ActiveCfg = Debug|Any CPU
		{2351DA2B-E754-4118-8BE0-C28CF1C4ED24}.Debug|Any CPU.Build.0 = Debug|Any CPU
		{2351DA2B-E754-4118-8BE0-C28CF1C4ED24}.Release|Any CPU.ActiveCfg = Release|Any CPU
		{2351DA2B-E754-4118-8BE0-C28CF1C4ED24}.Release|Any CPU.Build.0 = Release|Any CPU
	EndGlobalSection
	GlobalSection(SolutionProperties) = preSolution
		HideSolutionNode = FALSE
	EndGlobalSection
	GlobalSection(ExtensibilityGlobals) = postSolution
		SolutionGuid = {370215A7-4315-43D8-9214-E932BB7BF187}
	EndGlobalSection
EndGlobal
